
Microsoft Visual Studio Solution File, Format Version 12.00
Project("{FAE04EC0-301F-11D3-BF4B-00C04F79EFBC}") = "DahuaAudioTest", "DahuaAudioTest\DahuaAudioTest.csproj", "{FD7A1044-30F2-4543-AE4E-A527BFC2191C}"
EndProject
Global
	GlobalSection(SolutionConfigurationPlatforms) = preSolution
		Debug|Any CPU = Debug|Any CPU
		Release|Any CPU = Release|Any CPU
	EndGlobalSection
	GlobalSection(ProjectConfigurationPlatforms) = postSolution
		{FD7A1044-30F2-4543-AE4E-A527BFC2191C}.Debug|Any CPU.ActiveCfg = Debug|Any CPU
		{FD7A1044-30F2-4543-AE4E-A527BFC2191C}.Debug|Any CPU.Build.0 = Debug|Any CPU
		{FD7A1044-30F2-4543-AE4E-A527BFC2191C}.Release|Any CPU.ActiveCfg = Release|Any CPU
		{FD7A1044-30F2-4543-AE4E-A527BFC2191C}.Release|Any CPU.Build.0 = Release|Any CPU
	EndGlobalSection
EndGlobal
